
Microsoft Visual Studio Solution File, Format Version 12.00
# Visual Studio Version 16
VisualStudioVersion = 16.0.32106.194
MinimumVisualStudioVersion = 10.0.40219.1
Project("{2150E333-8FDC-42A3-9474-1A3956D46DE8}") = "Solution Items", "Solution Items", "{AB82596F-35F5-4DB5-93F8-E728A28C5276}"
	ProjectSection(SolutionItems) = preProject
		nuget.config = nuget.config
	EndProjectSection
EndProject
Project("{FAE04EC0-301F-11D3-BF4B-00C04F79EFBC}") = "MovieDb.UI.Xamarin", "MovieDb.UI.Xamarin\MovieDb.UI.Xamarin\MovieDb.UI.Xamarin.csproj", "{E73338ED-58CC-44FE-BA66-7EC56E0EA89C}"
EndProject
Project("{FAE04EC0-301F-11D3-BF4B-00C04F79EFBC}") = "MovieDb.UI.Xamarin.Android", "MovieDb.UI.Xamarin\MovieDb.UI.Xamarin.Android\MovieDb.UI.Xamarin.Android.csproj", "{31BA3DE6-487B-4D7B-9269-1CC679F5DA02}"
EndProject
Project("{FAE04EC0-301F-11D3-BF4B-00C04F79EFBC}") = "MovieDb.UI.Xamarin.iOS", "MovieDb.UI.Xamarin\MovieDb.UI.Xamarin.iOS\MovieDb.UI.Xamarin.iOS.csproj", "{014E3E39-4956-4450-83B0-91E0D8BE9332}"
EndProject
Project("{FAE04EC0-301F-11D3-BF4B-00C04F79EFBC}") = "MovieDb.UI.Xamarin.UWP", "MovieDb.UI.Xamarin\MovieDb.UI.Xamarin.UWP\MovieDb.UI.Xamarin.UWP.csproj", "{3E6C630D-AE29-4A8A-8700-A26DFAA882F9}"
EndProject
Global
	GlobalSection(SolutionConfigurationPlatforms) = preSolution
		Ad-Hoc|Any CPU = Ad-Hoc|Any CPU
		Ad-Hoc|ARM = Ad-Hoc|ARM
		Ad-Hoc|iPhone = Ad-Hoc|iPhone
		Ad-Hoc|iPhoneSimulator = Ad-Hoc|iPhoneSimulator
		Ad-Hoc|x64 = Ad-Hoc|x64
		Ad-Hoc|x86 = Ad-Hoc|x86
		AppStore|Any CPU = AppStore|Any CPU
		AppStore|ARM = AppStore|ARM
		AppStore|iPhone = AppStore|iPhone
		AppStore|iPhoneSimulator = AppStore|iPhoneSimulator
		AppStore|x64 = AppStore|x64
		AppStore|x86 = AppStore|x86
		Debug|Any CPU = Debug|Any CPU
		Debug|ARM = Debug|ARM
		Debug|iPhone = Debug|iPhone
		Debug|iPhoneSimulator = Debug|iPhoneSimulator
		Debug|x64 = Debug|x64
		Debug|x86 = Debug|x86
		Release|Any CPU = Release|Any CPU
		Release|ARM = Release|ARM
		Release|iPhone = Release|iPhone
		Release|iPhoneSimulator = Release|iPhoneSimulator
		Release|x64 = Release|x64
		Release|x86 = Release|x86
	EndGlobalSection
	GlobalSection(ProjectConfigurationPlatforms) = postSolution
		{E73338ED-58CC-44FE-BA66-7EC56E0EA89C}.Ad-Hoc|Any CPU.ActiveCfg = Debug|Any CPU
		{E73338ED-58CC-44FE-BA66-7EC56E0EA89C}.Ad-Hoc|Any CPU.Build.0 = Debug|Any CPU
		{E73338ED-58CC-44FE-BA66-7EC56E0EA89C}.Ad-Hoc|ARM.ActiveCfg = Debug|Any CPU
		{E73338ED-58CC-44FE-BA66-7EC56E0EA89C}.Ad-Hoc|ARM.Build.0 = Debug|Any CPU
		{E73338ED-58CC-44FE-BA66-7EC56E0EA89C}.Ad-Hoc|iPhone.ActiveCfg = Debug|Any CPU
		{E73338ED-58CC-44FE-BA66-7EC56E0EA89C}.Ad-Hoc|iPhone.Build.0 = Debug|Any CPU
		{E73338ED-58CC-44FE-BA66-7EC56E0EA89C}.Ad-Hoc|iPhoneSimulator.ActiveCfg = Debug|Any CPU
		{E73338ED-58CC-44FE-BA66-7EC56E0EA89C}.Ad-Hoc|iPhoneSimulator.Build.0 = Debug|Any CPU
		{E73338ED-58CC-44FE-BA66-7EC56E0EA89C}.Ad-Hoc|x64.ActiveCfg = Debug|Any CPU
		{E73338ED-58CC-44FE-BA66-7EC56E0EA89C}.Ad-Hoc|x64.Build.0 = Debug|Any CPU
		{E73338ED-58CC-44FE-BA66-7EC56E0EA89C}.Ad-Hoc|x86.ActiveCfg = Debug|Any CPU
		{E73338ED-58CC-44FE-BA66-7EC56E0EA89C}.Ad-Hoc|x86.Build.0 = Debug|Any CPU
		{E73338ED-58CC-44FE-BA66-7EC56E0EA89C}.AppStore|Any CPU.ActiveCfg = Debug|Any CPU
		{E73338ED-58CC-44FE-BA66-7EC56E0EA89C}.AppStore|Any CPU.Build.0 = Debug|Any CPU
		{E73338ED-58CC-44FE-BA66-7EC56E0EA89C}.AppStore|ARM.ActiveCfg = Debug|Any CPU
		{E73338ED-58CC-44FE-BA66-7EC56E0EA89C}.AppStore|ARM.Build.0 = Debug|Any CPU
		{E73338ED-58CC-44FE-BA66-7EC56E0EA89C}.AppStore|iPhone.ActiveCfg = Debug|Any CPU
		{E73338ED-58CC-44FE-BA66-7EC56E0EA89C}.AppStore|iPhone.Build.0 = Debug|Any CPU
		{E73338ED-58CC-44FE-BA66-7EC56E0EA89C}.AppStore|iPhoneSimulator.ActiveCfg = Debug|Any CPU
		{E73338ED-58CC-44FE-BA66-7EC56E0EA89C}.AppStore|iPhoneSimulator.Build.0 = Debug|Any CPU
		{E73338ED-58CC-44FE-BA66-7EC56E0EA89C}.AppStore|x64.ActiveCfg = Debug|Any CPU
		{E73338ED-58CC-44FE-BA66-7EC56E0EA89C}.AppStore|x64.Build.0 = Debug|Any CPU
		{E73338ED-58CC-44FE-BA66-7EC56E0EA89C}.AppStore|x86.ActiveCfg = Debug|Any CPU
		{E73338ED-58CC-44FE-BA66-7EC56E0EA89C}.AppStore|x86.Build.0 = Debug|Any CPU
		{E73338ED-58CC-44FE-BA66-7EC56E0EA89C}.Debug|Any CPU.ActiveCfg = Debug|Any CPU
		{E73338ED-58CC-44FE-BA66-7EC56E0EA89C}.Debug|Any CPU.Build.0 = Debug|Any CPU
		{E73338ED-58CC-44FE-BA66-7EC56E0EA89C}.Debug|ARM.ActiveCfg = Debug|Any CPU
		{E73338ED-58CC-44FE-BA66-7EC56E0EA89C}.Debug|ARM.Build.0 = Debug|Any CPU
		{E73338ED-58CC-44FE-BA66-7EC56E0EA89C}.Debug|iPhone.ActiveCfg = Debug|Any CPU
		{E73338ED-58CC-44FE-BA66-7EC56E0EA89C}.Debug|iPhone.Build.0 = Debug|Any CPU
		{E73338ED-58CC-44FE-BA66-7EC56E0EA89C}.Debug|iPhoneSimulator.ActiveCfg = Debug|Any CPU
		{E73338ED-58CC-44FE-BA66-7EC56E0EA89C}.Debug|iPhoneSimulator.Build.0 = Debug|Any CPU
		{E73338ED-58CC-44FE-BA66-7EC56E0EA89C}.Debug|x64.ActiveCfg = Debug|Any CPU
		{E73338ED-58CC-44FE-BA66-7EC56E0EA89C}.Debug|x64.Build.0 = Debug|Any CPU
		{E73338ED-58CC-44FE-BA66-7EC56E0EA89C}.Debug|x86.ActiveCfg = Debug|Any CPU
		{E73338ED-58CC-44FE-BA66-7EC56E0EA89C}.Debug|x86.Build.0 = Debug|Any CPU
		{E73338ED-58CC-44FE-BA66-7EC56E0EA89C}.Release|Any CPU.ActiveCfg = Release|Any CPU
		{E73338ED-58CC-44FE-BA66-7EC56E0EA89C}.Release|Any CPU.Build.0 = Release|Any CPU
		{E73338ED-58CC-44FE-BA66-7EC56E0EA89C}.Release|ARM.ActiveCfg = Release|Any CPU
		{E73338ED-58CC-44FE-BA66-7EC56E0EA89C}.Release|ARM.Build.0 = Release|Any CPU
		{E73338ED-58CC-44FE-BA66-7EC56E0EA89C}.Release|iPhone.ActiveCfg = Release|Any CPU
		{E73338ED-58CC-44FE-BA66-7EC56E0EA89C}.Release|iPhone.Build.0 = Release|Any CPU
		{E73338ED-58CC-44FE-BA66-7EC56E0EA89C}.Release|iPhoneSimulator.ActiveCfg = Release|Any CPU
		{E73338ED-58CC-44FE-BA66-7EC56E0EA89C}.Release|iPhoneSimulator.Build.0 = Release|Any CPU
		{E73338ED-58CC-44FE-BA66-7EC56E0EA89C}.Release|x64.ActiveCfg = Release|Any CPU
		{E73338ED-58CC-44FE-BA66-7EC56E0EA89C}.Release|x64.Build.0 = Release|Any CPU
		{E73338ED-58CC-44FE-BA66-7EC56E0EA89C}.Release|x86.ActiveCfg = Release|Any CPU
		{E73338ED-58CC-44FE-BA66-7EC56E0EA89C}.Release|x86.Build.0 = Release|Any CPU
		{31BA3DE6-487B-4D7B-9269-1CC679F5DA02}.Ad-Hoc|Any CPU.ActiveCfg = Debug|Any CPU
		{31BA3DE6-487B-4D7B-9269-1CC679F5DA02}.Ad-Hoc|Any CPU.Build.0 = Debug|Any CPU
		{31BA3DE6-487B-4D7B-9269-1CC679F5DA02}.Ad-Hoc|Any CPU.Deploy.0 = Debug|Any CPU
		{31BA3DE6-487B-4D7B-9269-1CC679F5DA02}.Ad-Hoc|ARM.ActiveCfg = Debug|Any CPU
		{31BA3DE6-487B-4D7B-9269-1CC679F5DA02}.Ad-Hoc|ARM.Build.0 = Debug|Any CPU
		{31BA3DE6-487B-4D7B-9269-1CC679F5DA02}.Ad-Hoc|ARM.Deploy.0 = Debug|Any CPU
		{31BA3DE6-487B-4D7B-9269-1CC679F5DA02}.Ad-Hoc|iPhone.ActiveCfg = Debug|Any CPU
		{31BA3DE6-487B-4D7B-9269-1CC679F5DA02}.Ad-Hoc|iPhone.Build.0 = Debug|Any CPU
		{31BA3DE6-487B-4D7B-9269-1CC679F5DA02}.Ad-Hoc|iPhone.Deploy.0 = Debug|Any CPU
		{31BA3DE6-487B-4D7B-9269-1CC679F5DA02}.Ad-Hoc|iPhoneSimulator.ActiveCfg = Debug|Any CPU
		{31BA3DE6-487B-4D7B-9269-1CC679F5DA02}.Ad-Hoc|iPhoneSimulator.Build.0 = Debug|Any CPU
		{31BA3DE6-487B-4D7B-9269-1CC679F5DA02}.Ad-Hoc|iPhoneSimulator.Deploy.0 = Debug|Any CPU
		{31BA3DE6-487B-4D7B-9269-1CC679F5DA02}.Ad-Hoc|x64.ActiveCfg = Debug|Any CPU
		{31BA3DE6-487B-4D7B-9269-1CC679F5DA02}.Ad-Hoc|x64.Build.0 = Debug|Any CPU
		{31BA3DE6-487B-4D7B-9269-1CC679F5DA02}.Ad-Hoc|x64.Deploy.0 = Debug|Any CPU
		{31BA3DE6-487B-4D7B-9269-1CC679F5DA02}.Ad-Hoc|x86.ActiveCfg = Debug|Any CPU
		{31BA3DE6-487B-4D7B-9269-1CC679F5DA02}.Ad-Hoc|x86.Build.0 = Debug|Any CPU
		{31BA3DE6-487B-4D7B-9269-1CC679F5DA02}.Ad-Hoc|x86.Deploy.0 = Debug|Any CPU
		{31BA3DE6-487B-4D7B-9269-1CC679F5DA02}.AppStore|Any CPU.ActiveCfg = Debug|Any CPU
		{31BA3DE6-487B-4D7B-9269-1CC679F5DA02}.AppStore|Any CPU.Build.0 = Debug|Any CPU
		{31BA3DE6-487B-4D7B-9269-1CC679F5DA02}.AppStore|Any CPU.Deploy.0 = Debug|Any CPU
		{31BA3DE6-487B-4D7B-9269-1CC679F5DA02}.AppStore|ARM.ActiveCfg = Debug|Any CPU
		{31BA3DE6-487B-4D7B-9269-1CC679F5DA02}.AppStore|ARM.Build.0 = Debug|Any CPU
		{31BA3DE6-487B-4D7B-9269-1CC679F5DA02}.AppStore|ARM.Deploy.0 = Debug|Any CPU
		{31BA3DE6-487B-4D7B-9269-1CC679F5DA02}.AppStore|iPhone.ActiveCfg = Debug|Any CPU
		{31BA3DE6-487B-4D7B-9269-1CC679F5DA02}.AppStore|iPhone.Build.0 = Debug|Any CPU
		{31BA3DE6-487B-4D7B-9269-1CC679F5DA02}.AppStore|iPhone.Deploy.0 = Debug|Any CPU
		{31BA3DE6-487B-4D7B-9269-1CC679F5DA02}.AppStore|iPhoneSimulator.ActiveCfg = Debug|Any CPU
		{31BA3DE6-487B-4D7B-9269-1CC679F5DA02}.AppStore|iPhoneSimulator.Build.0 = Debug|Any CPU
		{31BA3DE6-487B-4D7B-9269-1CC679F5DA02}.AppStore|iPhoneSimulator.Deploy.0 = Debug|Any CPU
		{31BA3DE6-487B-4D7B-9269-1CC679F5DA02}.AppStore|x64.ActiveCfg = Debug|Any CPU
		{31BA3DE6-487B-4D7B-9269-1CC679F5DA02}.AppStore|x64.Build.0 = Debug|Any CPU
		{31BA3DE6-487B-4D7B-9269-1CC679F5DA02}.AppStore|x64.Deploy.0 = Debug|Any CPU
		{31BA3DE6-487B-4D7B-9269-1CC679F5DA02}.AppStore|x86.ActiveCfg = Debug|Any CPU
		{31BA3DE6-487B-4D7B-9269-1CC679F5DA02}.AppStore|x86.Build.0 = Debug|Any CPU
		{31BA3DE6-487B-4D7B-9269-1CC679F5DA02}.AppStore|x86.Deploy.0 = Debug|Any CPU
		{31BA3DE6-487B-4D7B-9269-1CC679F5DA02}.Debug|Any CPU.ActiveCfg = Debug|Any CPU
		{31BA3DE6-487B-4D7B-9269-1CC679F5DA02}.Debug|Any CPU.Build.0 = Debug|Any CPU
		{31BA3DE6-487B-4D7B-9269-1CC679F5DA02}.Debug|Any CPU.Deploy.0 = Debug|Any CPU
		{31BA3DE6-487B-4D7B-9269-1CC679F5DA02}.Debug|ARM.ActiveCfg = Debug|Any CPU
		{31BA3DE6-487B-4D7B-9269-1CC679F5DA02}.Debug|ARM.Build.0 = Debug|Any CPU
		{31BA3DE6-487B-4D7B-9269-1CC679F5DA02}.Debug|ARM.Deploy.0 = Debug|Any CPU
		{31BA3DE6-487B-4D7B-9269-1CC679F5DA02}.Debug|iPhone.ActiveCfg = Debug|Any CPU
		{31BA3DE6-487B-4D7B-9269-1CC679F5DA02}.Debug|iPhone.Build.0 = Debug|Any CPU
		{31BA3DE6-487B-4D7B-9269-1CC679F5DA02}.Debug|iPhone.Deploy.0 = Debug|Any CPU
		{31BA3DE6-487B-4D7B-9269-1CC679F5DA02}.Debug|iPhoneSimulator.ActiveCfg = Debug|Any CPU
		{31BA3DE6-487B-4D7B-9269-1CC679F5DA02}.Debug|iPhoneSimulator.Build.0 = Debug|Any CPU
		{31BA3DE6-487B-4D7B-9269-1CC679F5DA02}.Debug|iPhoneSimulator.Deploy.0 = Debug|Any CPU
		{31BA3DE6-487B-4D7B-9269-1CC679F5DA02}.Debug|x64.ActiveCfg = Debug|Any CPU
		{31BA3DE6-487B-4D7B-9269-1CC679F5DA02}.Debug|x64.Build.0 = Debug|Any CPU
		{31BA3DE6-487B-4D7B-9269-1CC679F5DA02}.Debug|x64.Deploy.0 = Debug|Any CPU
		{31BA3DE6-487B-4D7B-9269-1CC679F5DA02}.Debug|x86.ActiveCfg = Debug|Any CPU
		{31BA3DE6-487B-4D7B-9269-1CC679F5DA02}.Debug|x86.Build.0 = Debug|Any CPU
		{31BA3DE6-487B-4D7B-9269-1CC679F5DA02}.Debug|x86.Deploy.0 = Debug|Any CPU
		{31BA3DE6-487B-4D7B-9269-1CC679F5DA02}.Release|Any CPU.ActiveCfg = Release|Any CPU
		{31BA3DE6-487B-4D7B-9269-1CC679F5DA02}.Release|Any CPU.Build.0 = Release|Any CPU
		{31BA3DE6-487B-4D7B-9269-1CC679F5DA02}.Release|Any CPU.Deploy.0 = Release|Any CPU
		{31BA3DE6-487B-4D7B-9269-1CC679F5DA02}.Release|ARM.ActiveCfg = Release|Any CPU
		{31BA3DE6-487B-4D7B-9269-1CC679F5DA02}.Release|ARM.Build.0 = Release|Any CPU
		{31BA3DE6-487B-4D7B-9269-1CC679F5DA02}.Release|ARM.Deploy.0 = Release|Any CPU
		{31BA3DE6-487B-4D7B-9269-1CC679F5DA02}.Release|iPhone.ActiveCfg = Release|Any CPU
		{31BA3DE6-487B-4D7B-9269-1CC679F5DA02}.Release|iPhone.Build.0 = Release|Any CPU
		{31BA3DE6-487B-4D7B-9269-1CC679F5DA02}.Release|iPhone.Deploy.0 = Release|Any CPU
		{31BA3DE6-487B-4D7B-9269-1CC679F5DA02}.Release|iPhoneSimulator.ActiveCfg = Release|Any CPU
		{31BA3DE6-487B-4D7B-9269-1CC679F5DA02}.Release|iPhoneSimulator.Build.0 = Release|Any CPU
		{31BA3DE6-487B-4D7B-9269-1CC679F5DA02}.Release|iPhoneSimulator.Deploy.0 = Release|Any CPU
		{31BA3DE6-487B-4D7B-9269-1CC679F5DA02}.Release|x64.ActiveCfg = Release|Any CPU
		{31BA3DE6-487B-4D7B-9269-1CC679F5DA02}.Release|x64.Build.0 = Release|Any CPU
		{31BA3DE6-487B-4D7B-9269-1CC679F5DA02}.Release|x64.Deploy.0 = Release|Any CPU
		{31BA3DE6-487B-4D7B-9269-1CC679F5DA02}.Release|x86.ActiveCfg = Release|Any CPU
		{31BA3DE6-487B-4D7B-9269-1CC679F5DA02}.Release|x86.Build.0 = Release|Any CPU
		{31BA3DE6-487B-4D7B-9269-1CC679F5DA02}.Release|x86.Deploy.0 = Release|Any CPU
		{014E3E39-4956-4450-83B0-91E0D8BE9332}.Ad-Hoc|Any CPU.ActiveCfg = Ad-Hoc|iPhoneSimulator
		{014E3E39-4956-4450-83B0-91E0D8BE9332}.Ad-Hoc|ARM.ActiveCfg = Ad-Hoc|iPhoneSimulator
		{014E3E39-4956-4450-83B0-91E0D8BE9332}.Ad-Hoc|iPhone.ActiveCfg = Ad-Hoc|iPhone
		{014E3E39-4956-4450-83B0-91E0D8BE9332}.Ad-Hoc|iPhone.Build.0 = Ad-Hoc|iPhone
		{014E3E39-4956-4450-83B0-91E0D8BE9332}.Ad-Hoc|iPhoneSimulator.ActiveCfg = Ad-Hoc|iPhoneSimulator
		{014E3E39-4956-4450-83B0-91E0D8BE9332}.Ad-Hoc|iPhoneSimulator.Build.0 = Ad-Hoc|iPhoneSimulator
		{014E3E39-4956-4450-83B0-91E0D8BE9332}.Ad-Hoc|x64.ActiveCfg = Ad-Hoc|iPhoneSimulator
		{014E3E39-4956-4450-83B0-91E0D8BE9332}.Ad-Hoc|x86.ActiveCfg = Ad-Hoc|iPhoneSimulator
		{014E3E39-4956-4450-83B0-91E0D8BE9332}.AppStore|Any CPU.ActiveCfg = AppStore|iPhoneSimulator
		{014E3E39-4956-4450-83B0-91E0D8BE9332}.AppStore|ARM.ActiveCfg = AppStore|iPhoneSimulator
		{014E3E39-4956-4450-83B0-91E0D8BE9332}.AppStore|iPhone.ActiveCfg = AppStore|iPhone
		{014E3E39-4956-4450-83B0-91E0D8BE9332}.AppStore|iPhone.Build.0 = AppStore|iPhone
		{014E3E39-4956-4450-83B0-91E0D8BE9332}.AppStore|iPhoneSimulator.ActiveCfg = AppStore|iPhoneSimulator
		{014E3E39-4956-4450-83B0-91E0D8BE9332}.AppStore|iPhoneSimulator.Build.0 = AppStore|iPhoneSimulator
		{014E3E39-4956-4450-83B0-91E0D8BE9332}.AppStore|x64.ActiveCfg = AppStore|iPhoneSimulator
		{014E3E39-4956-4450-83B0-91E0D8BE9332}.AppStore|x86.ActiveCfg = AppStore|iPhoneSimulator
		{014E3E39-4956-4450-83B0-91E0D8BE9332}.Debug|Any CPU.ActiveCfg = Debug|iPhoneSimulator
		{014E3E39-4956-4450-83B0-91E0D8BE9332}.Debug|ARM.ActiveCfg = Debug|iPhoneSimulator
		{014E3E39-4956-4450-83B0-91E0D8BE9332}.Debug|iPhone.ActiveCfg = Debug|iPhone
		{014E3E39-4956-4450-83B0-91E0D8BE9332}.Debug|iPhone.Build.0 = Debug|iPhone
		{014E3E39-4956-4450-83B0-91E0D8BE9332}.Debug|iPhoneSimulator.ActiveCfg = Debug|iPhoneSimulator
		{014E3E39-4956-4450-83B0-91E0D8BE9332}.Debug|iPhoneSimulator.Build.0 = Debug|iPhoneSimulator
		{014E3E39-4956-4450-83B0-91E0D8BE9332}.Debug|x64.ActiveCfg = Debug|iPhoneSimulator
		{014E3E39-4956-4450-83B0-91E0D8BE9332}.Debug|x86.ActiveCfg = Debug|iPhoneSimulator
		{014E3E39-4956-4450-83B0-91E0D8BE9332}.Release|Any CPU.ActiveCfg = Release|iPhoneSimulator
		{014E3E39-4956-4450-83B0-91E0D8BE9332}.Release|ARM.ActiveCfg = Release|iPhoneSimulator
		{014E3E39-4956-4450-83B0-91E0D8BE9332}.Release|iPhone.ActiveCfg = Release|iPhone
		{014E3E39-4956-4450-83B0-91E0D8BE9332}.Release|iPhone.Build.0 = Release|iPhone
		{014E3E39-4956-4450-83B0-91E0D8BE9332}.Release|iPhoneSimulator.ActiveCfg = Release|iPhoneSimulator
		{014E3E39-4956-4450-83B0-91E0D8BE9332}.Release|iPhoneSimulator.Build.0 = Release|iPhoneSimulator
		{014E3E39-4956-4450-83B0-91E0D8BE9332}.Release|x64.ActiveCfg = Release|iPhoneSimulator
		{014E3E39-4956-4450-83B0-91E0D8BE9332}.Release|x86.ActiveCfg = Release|iPhoneSimulator
		{3E6C630D-AE29-4A8A-8700-A26DFAA882F9}.Ad-Hoc|Any CPU.ActiveCfg = Debug|ARM
		{3E6C630D-AE29-4A8A-8700-A26DFAA882F9}.Ad-Hoc|Any CPU.Build.0 = Debug|ARM
		{3E6C630D-AE29-4A8A-8700-A26DFAA882F9}.Ad-Hoc|Any CPU.Deploy.0 = Debug|ARM
		{3E6C630D-AE29-4A8A-8700-A26DFAA882F9}.Ad-Hoc|ARM.ActiveCfg = Debug|ARM
		{3E6C630D-AE29-4A8A-8700-A26DFAA882F9}.Ad-Hoc|ARM.Build.0 = Debug|ARM
		{3E6C630D-AE29-4A8A-8700-A26DFAA882F9}.Ad-Hoc|ARM.Deploy.0 = Debug|ARM
		{3E6C630D-AE29-4A8A-8700-A26DFAA882F9}.Ad-Hoc|iPhone.ActiveCfg = Debug|ARM
		{3E6C630D-AE29-4A8A-8700-A26DFAA882F9}.Ad-Hoc|iPhone.Build.0 = Debug|ARM
		{3E6C630D-AE29-4A8A-8700-A26DFAA882F9}.Ad-Hoc|iPhone.Deploy.0 = Debug|ARM
		{3E6C630D-AE29-4A8A-8700-A26DFAA882F9}.Ad-Hoc|iPhoneSimulator.ActiveCfg = Debug|ARM
		{3E6C630D-AE29-4A8A-8700-A26DFAA882F9}.Ad-Hoc|iPhoneSimulator.Build.0 = Debug|ARM
		{3E6C630D-AE29-4A8A-8700-A26DFAA882F9}.Ad-Hoc|iPhoneSimulator.Deploy.0 = Debug|ARM
		{3E6C630D-AE29-4A8A-8700-A26DFAA882F9}.Ad-Hoc|x64.ActiveCfg = Debug|x64
		{3E6C630D-AE29-4A8A-8700-A26DFAA882F9}.Ad-Hoc|x64.Build.0 = Debug|x64
		{3E6C630D-AE29-4A8A-8700-A26DFAA882F9}.Ad-Hoc|x64.Deploy.0 = Debug|x64
		{3E6C630D-AE29-4A8A-8700-A26DFAA882F9}.Ad-Hoc|x86.ActiveCfg = Debug|x86
		{3E6C630D-AE29-4A8A-8700-A26DFAA882F9}.Ad-Hoc|x86.Build.0 = Debug|x86
		{3E6C630D-AE29-4A8A-8700-A26DFAA882F9}.Ad-Hoc|x86.Deploy.0 = Debug|x86
		{3E6C630D-AE29-4A8A-8700-A26DFAA882F9}.AppStore|Any CPU.ActiveCfg = Debug|ARM
		{3E6C630D-AE29-4A8A-8700-A26DFAA882F9}.AppStore|Any CPU.Build.0 = Debug|ARM
		{3E6C630D-AE29-4A8A-8700-A26DFAA882F9}.AppStore|Any CPU.Deploy.0 = Debug|ARM
		{3E6C630D-AE29-4A8A-8700-A26DFAA882F9}.AppStore|ARM.ActiveCfg = Debug|ARM
		{3E6C630D-AE29-4A8A-8700-A26DFAA882F9}.AppStore|ARM.Build.0 = Debug|ARM
		{3E6C630D-AE29-4A8A-8700-A26DFAA882F9}.AppStore|ARM.Deploy.0 = Debug|ARM
		{3E6C630D-AE29-4A8A-8700-A26DFAA882F9}.AppStore|iPhone.ActiveCfg = Debug|ARM
		{3E6C630D-AE29-4A8A-8700-A26DFAA882F9}.AppStore|iPhone.Build.0 = Debug|ARM
		{3E6C630D-AE29-4A8A-8700-A26DFAA882F9}.AppStore|iPhone.Deploy.0 = Debug|ARM
		{3E6C630D-AE29-4A8A-8700-A26DFAA882F9}.AppStore|iPhoneSimulator.ActiveCfg = Debug|ARM
		{3E6C630D-AE29-4A8A-8700-A26DFAA882F9}.AppStore|iPhoneSimulator.Build.0 = Debug|ARM
		{3E6C630D-AE29-4A8A-8700-A26DFAA882F9}.AppStore|iPhoneSimulator.Deploy.0 = Debug|ARM
		{3E6C630D-AE29-4A8A-8700-A26DFAA882F9}.AppStore|x64.ActiveCfg = Debug|x64
		{3E6C630D-AE29-4A8A-8700-A26DFAA882F9}.AppStore|x64.Build.0 = Debug|x64
		{3E6C630D-AE29-4A8A-8700-A26DFAA882F9}.AppStore|x64.Deploy.0 = Debug|x64
		{3E6C630D-AE29-4A8A-8700-A26DFAA882F9}.AppStore|x86.ActiveCfg = Debug|x86
		{3E6C630D-AE29-4A8A-8700-A26DFAA882F9}.AppStore|x86.Build.0 = Debug|x86
		{3E6C630D-AE29-4A8A-8700-A26DFAA882F9}.AppStore|x86.Deploy.0 = Debug|x86
		{3E6C630D-AE29-4A8A-8700-A26DFAA882F9}.Debug|Any CPU.ActiveCfg = Debug|x86
		{3E6C630D-AE29-4A8A-8700-A26DFAA882F9}.Debug|ARM.ActiveCfg = Debug|ARM
		{3E6C630D-AE29-4A8A-8700-A26DFAA882F9}.Debug|ARM.Build.0 = Debug|ARM
		{3E6C630D-AE29-4A8A-8700-A26DFAA882F9}.Debug|ARM.Deploy.0 = Debug|ARM
		{3E6C630D-AE29-4A8A-8700-A26DFAA882F9}.Debug|iPhone.ActiveCfg = Debug|x86
		{3E6C630D-AE29-4A8A-8700-A26DFAA882F9}.Debug|iPhoneSimulator.ActiveCfg = Debug|x86
		{3E6C630D-AE29-4A8A-8700-A26DFAA882F9}.Debug|x64.ActiveCfg = Debug|x64
		{3E6C630D-AE29-4A8A-8700-A26DFAA882F9}.Debug|x64.Build.0 = Debug|x64
		{3E6C630D-AE29-4A8A-8700-A26DFAA882F9}.Debug|x64.Deploy.0 = Debug|x64
		{3E6C630D-AE29-4A8A-8700-A26DFAA882F9}.Debug|x86.ActiveCfg = Debug|x86
		{3E6C630D-AE29-4A8A-8700-A26DFAA882F9}.Debug|x86.Build.0 = Debug|x86
		{3E6C630D-AE29-4A8A-8700-A26DFAA882F9}.Debug|x86.Deploy.0 = Debug|x86
		{3E6C630D-AE29-4A8A-8700-A26DFAA882F9}.Release|Any CPU.ActiveCfg = Release|x86
		{3E6C630D-AE29-4A8A-8700-A26DFAA882F9}.Release|ARM.ActiveCfg = Release|ARM
		{3E6C630D-AE29-4A8A-8700-A26DFAA882F9}.Release|ARM.Build.0 = Release|ARM
		{3E6C630D-AE29-4A8A-8700-A26DFAA882F9}.Release|ARM.Deploy.0 = Release|ARM
		{3E6C630D-AE29-4A8A-8700-A26DFAA882F9}.Release|iPhone.ActiveCfg = Release|x86
		{3E6C630D-AE29-4A8A-8700-A26DFAA882F9}.Release|iPhoneSimulator.ActiveCfg = Release|x86
		{3E6C630D-AE29-4A8A-8700-A26DFAA882F9}.Release|x64.ActiveCfg = Release|x64
		{3E6C630D-AE29-4A8A-8700-A26DFAA882F9}.Release|x64.Build.0 = Release|x64
		{3E6C630D-AE29-4A8A-8700-A26DFAA882F9}.Release|x64.Deploy.0 = Release|x64
		{3E6C630D-AE29-4A8A-8700-A26DFAA882F9}.Release|x86.ActiveCfg = Release|x86
		{3E6C630D-AE29-4A8A-8700-A26DFAA882F9}.Release|x86.Build.0 = Release|x86
		{3E6C630D-AE29-4A8A-8700-A26DFAA882F9}.Release|x86.Deploy.0 = Release|x86
	EndGlobalSection
	GlobalSection(SolutionProperties) = preSolution
		HideSolutionNode = FALSE
	EndGlobalSection
	GlobalSection(ExtensibilityGlobals) = postSolution
		SolutionGuid = {8C7851CB-FAE6-4914-8541-E09A12A53C7D}
	EndGlobalSection
EndGlobal
